
Microsoft Visual Studio Solution File, Format Version 12.00
# Visual Studio Version 17
VisualStudioVersion = 17.14.36414.22 d17.14
MinimumVisualStudioVersion = 10.0.40219.1
Project("{FAE04EC0-301F-11D3-BF4B-00C04F79EFBC}") = "Sanibell-ProductionModule", "Sanibell-ProductionModule.csproj", "{168F8607-E251-4DFF-AFD7-F417161AC9AA}"
EndProject
Global
	GlobalSection(SolutionConfigurationPlatforms) = preSolution
		Debug|Any CPU = Debug|Any CPU
		Release|Any CPU = Release|Any CPU
	EndGlobalSection
	GlobalSection(ProjectConfigurationPlatforms) = postSolution
		{168F8607-E251-4DFF-AFD7-F417161AC9AA}.Debug|Any CPU.ActiveCfg = Debug|Any CPU
		{168F8607-E251-4DFF-AFD7-F417161AC9AA}.Debug|Any CPU.Build.0 = Debug|Any CPU
		{168F8607-E251-4DFF-AFD7-F417161AC9AA}.Release|Any CPU.ActiveCfg = Release|Any CPU
		{168F8607-E251-4DFF-AFD7-F417161AC9AA}.Release|Any CPU.Build.0 = Release|Any CPU
	EndGlobalSection
	GlobalSection(SolutionProperties) = preSolution
		HideSolutionNode = FALSE
	EndGlobalSection
	GlobalSection(ExtensibilityGlobals) = postSolution
		SolutionGuid = {CD53EB6D-58CD-45A6-B6CD-D491EE09B0EB}
	EndGlobalSection
EndGlobal
